
Microsoft Visual Studio Solution File, Format Version 12.00
# Visual Studio Version 17
VisualStudioVersion = 17.9.34728.123
MinimumVisualStudioVersion = 10.0.40219.1
Project("{FAE04EC0-301F-11D3-BF4B-00C04F79EFBC}") = "RandomMoonFX", "RandomMoonFX.csproj", "{77FE535C-49A8-49B9-ABF5-86A6B54FEBEA}"
EndProject
Global
	GlobalSection(SolutionConfigurationPlatforms) = preSolution
		Debug|Any CPU = Debug|Any CPU
		Release|Any CPU = Release|Any CPU
	EndGlobalSection
	GlobalSection(ProjectConfigurationPlatforms) = postSolution
		{77FE535C-49A8-49B9-ABF5-86A6B54FEBEA}.Debug|Any CPU.ActiveCfg = Debug|Any CPU
		{77FE535C-49A8-49B9-ABF5-86A6B54FEBEA}.Debug|Any CPU.Build.0 = Debug|Any CPU
		{77FE535C-49A8-49B9-ABF5-86A6B54FEBEA}.Release|Any CPU.ActiveCfg = Release|Any CPU
		{77FE535C-49A8-49B9-ABF5-86A6B54FEBEA}.Release|Any CPU.Build.0 = Release|Any CPU
	EndGlobalSection
	GlobalSection(SolutionProperties) = preSolution
		HideSolutionNode = FALSE
	EndGlobalSection
	GlobalSection(ExtensibilityGlobals) = postSolution
		SolutionGuid = {6C6B3033-F57F-4E41-8684-4726AA108F7A}
	EndGlobalSection
EndGlobal
